
Microsoft Visual Studio Solution File, Format Version 12.00
# Visual Studio 14
VisualStudioVersion = 14.0.25420.1
MinimumVisualStudioVersion = 10.0.40219.1
Project("{FAE04EC0-301F-11D3-BF4B-00C04F79EFBC}") = "Captcha-Solver-Lib", "Captcha-Solver-Lib\Captcha-Solver-Lib.csproj", "{8C4560DB-57CE-4C1C-83B5-19284DCBCEF8}"
EndProject
Project("{FAE04EC0-301F-11D3-BF4B-00C04F79EFBC}") = "Captcha-Solver-Gui", "Captcha-Solver-Gui\Captcha-Solver-Gui.csproj", "{07272AD0-99BD-4D72-B02F-9DBD05EE1E41}"
EndProject
Global
	GlobalSection(SolutionConfigurationPlatforms) = preSolution
		Debug|Any CPU = Debug|Any CPU
		Debug|x86 = Debug|x86
		Release|Any CPU = Release|Any CPU
		Release|x86 = Release|x86
	EndGlobalSection
	GlobalSection(ProjectConfigurationPlatforms) = postSolution
		{8C4560DB-57CE-4C1C-83B5-19284DCBCEF8}.Debug|Any CPU.ActiveCfg = Debug|Any CPU
		{8C4560DB-57CE-4C1C-83B5-19284DCBCEF8}.Debug|Any CPU.Build.0 = Debug|Any CPU
		{8C4560DB-57CE-4C1C-83B5-19284DCBCEF8}.Debug|x86.ActiveCfg = Debug|Any CPU
		{8C4560DB-57CE-4C1C-83B5-19284DCBCEF8}.Debug|x86.Build.0 = Debug|Any CPU
		{8C4560DB-57CE-4C1C-83B5-19284DCBCEF8}.Release|Any CPU.ActiveCfg = Release|Any CPU
		{8C4560DB-57CE-4C1C-83B5-19284DCBCEF8}.Release|Any CPU.Build.0 = Release|Any CPU
		{8C4560DB-57CE-4C1C-83B5-19284DCBCEF8}.Release|x86.ActiveCfg = Release|Any CPU
		{8C4560DB-57CE-4C1C-83B5-19284DCBCEF8}.Release|x86.Build.0 = Release|Any CPU
		{07272AD0-99BD-4D72-B02F-9DBD05EE1E41}.Debug|Any CPU.ActiveCfg = Debug|Any CPU
		{07272AD0-99BD-4D72-B02F-9DBD05EE1E41}.Debug|Any CPU.Build.0 = Debug|Any CPU
		{07272AD0-99BD-4D72-B02F-9DBD05EE1E41}.Debug|x86.ActiveCfg = Debug|Any CPU
		{07272AD0-99BD-4D72-B02F-9DBD05EE1E41}.Debug|x86.Build.0 = Debug|Any CPU
		{07272AD0-99BD-4D72-B02F-9DBD05EE1E41}.Release|Any CPU.ActiveCfg = Release|Any CPU
		{07272AD0-99BD-4D72-B02F-9DBD05EE1E41}.Release|Any CPU.Build.0 = Release|Any CPU
		{07272AD0-99BD-4D72-B02F-9DBD05EE1E41}.Release|x86.ActiveCfg = Release|Any CPU
		{07272AD0-99BD-4D72-B02F-9DBD05EE1E41}.Release|x86.Build.0 = Release|Any CPU
	EndGlobalSection
	GlobalSection(SolutionProperties) = preSolution
		HideSolutionNode = FALSE
	EndGlobalSection
EndGlobal
